
Microsoft Visual Studio Solution File, Format Version 12.00
# Visual Studio Version 16
VisualStudioVersion = 16.0.30204.135
MinimumVisualStudioVersion = 10.0.40219.1
Project("{FAE04EC0-301F-11D3-BF4B-00C04F79EFBC}") = "TestApp", "TestApp\TestApp.csproj", "{642F03C0-A72B-4001-AAE0-EFA2B3974BC8}"
EndProject
Global
	GlobalSection(SolutionConfigurationPlatforms) = preSolution
		Debug|Any CPU = Debug|Any CPU
		Release|Any CPU = Release|Any CPU
	EndGlobalSection
	GlobalSection(ProjectConfigurationPlatforms) = postSolution
		{642F03C0-A72B-4001-AAE0-EFA2B3974BC8}.Debug|Any CPU.ActiveCfg = Debug|Any CPU
		{642F03C0-A72B-4001-AAE0-EFA2B3974BC8}.Debug|Any CPU.Build.0 = Debug|Any CPU
		{642F03C0-A72B-4001-AAE0-EFA2B3974BC8}.Release|Any CPU.ActiveCfg = Release|Any CPU
		{642F03C0-A72B-4001-AAE0-EFA2B3974BC8}.Release|Any CPU.Build.0 = Release|Any CPU
	EndGlobalSection
	GlobalSection(SolutionProperties) = preSolution
		HideSolutionNode = FALSE
	EndGlobalSection
	GlobalSection(ExtensibilityGlobals) = postSolution
		SolutionGuid = {19E3DEEC-036A-4D19-9546-1370AC3AFF3E}
	EndGlobalSection
EndGlobal
